
Microsoft Visual Studio Solution File, Format Version 12.00
# Visual Studio Version 16
VisualStudioVersion = 16.0.32802.440
MinimumVisualStudioVersion = 10.0.40219.1
Project("{FAE04EC0-301F-11D3-BF4B-00C04F79EFBC}") = "Metotlar", "Metotlar\Metotlar.csproj", "{988082D4-300A-49C7-9D28-158C60B99AF1}"
EndProject
Project("{FAE04EC0-301F-11D3-BF4B-00C04F79EFBC}") = "Matematik", "Matematik\Matematik.csproj", "{4A0276F5-9E80-4B68-8592-61B286DD460E}"
EndProject
Project("{FAE04EC0-301F-11D3-BF4B-00C04F79EFBC}") = "DegerVeReferansTipler", "DegerVeReferansTipler\DegerVeReferansTipler.csproj", "{128609A1-22FE-431F-9D7C-A69C6AB0A228}"
EndProject
Global
	GlobalSection(SolutionConfigurationPlatforms) = preSolution
		Debug|Any CPU = Debug|Any CPU
		Release|Any CPU = Release|Any CPU
	EndGlobalSection
	GlobalSection(ProjectConfigurationPlatforms) = postSolution
		{988082D4-300A-49C7-9D28-158C60B99AF1}.Debug|Any CPU.ActiveCfg = Debug|Any CPU
		{988082D4-300A-49C7-9D28-158C60B99AF1}.Debug|Any CPU.Build.0 = Debug|Any CPU
		{988082D4-300A-49C7-9D28-158C60B99AF1}.Release|Any CPU.ActiveCfg = Release|Any CPU
		{988082D4-300A-49C7-9D28-158C60B99AF1}.Release|Any CPU.Build.0 = Release|Any CPU
		{4A0276F5-9E80-4B68-8592-61B286DD460E}.Debug|Any CPU.ActiveCfg = Debug|Any CPU
		{4A0276F5-9E80-4B68-8592-61B286DD460E}.Debug|Any CPU.Build.0 = Debug|Any CPU
		{4A0276F5-9E80-4B68-8592-61B286DD460E}.Release|Any CPU.ActiveCfg = Release|Any CPU
		{4A0276F5-9E80-4B68-8592-61B286DD460E}.Release|Any CPU.Build.0 = Release|Any CPU
		{128609A1-22FE-431F-9D7C-A69C6AB0A228}.Debug|Any CPU.ActiveCfg = Debug|Any CPU
		{128609A1-22FE-431F-9D7C-A69C6AB0A228}.Debug|Any CPU.Build.0 = Debug|Any CPU
		{128609A1-22FE-431F-9D7C-A69C6AB0A228}.Release|Any CPU.ActiveCfg = Release|Any CPU
		{128609A1-22FE-431F-9D7C-A69C6AB0A228}.Release|Any CPU.Build.0 = Release|Any CPU
	EndGlobalSection
	GlobalSection(SolutionProperties) = preSolution
		HideSolutionNode = FALSE
	EndGlobalSection
	GlobalSection(ExtensibilityGlobals) = postSolution
		SolutionGuid = {F435465A-E36A-4C73-884B-0ED4A82BECB3}
	EndGlobalSection
EndGlobal
